
Microsoft Visual Studio Solution File, Format Version 12.00
# Visual Studio 2012
Project("{FAE04EC0-301F-11D3-BF4B-00C04F79EFBC}") = "monogame_test", "monogame_test\monogame_test.csproj", "{DAD9FA36-535C-41AA-A1A9-53B243152EBB}"
EndProject
Global
	GlobalSection(SolutionConfigurationPlatforms) = preSolution
		Debug|x86 = Debug|x86
		Release|x86 = Release|x86
	EndGlobalSection
	GlobalSection(ProjectConfigurationPlatforms) = postSolution
		{DAD9FA36-535C-41AA-A1A9-53B243152EBB}.Debug|x86.ActiveCfg = Debug|x86
		{DAD9FA36-535C-41AA-A1A9-53B243152EBB}.Debug|x86.Build.0 = Debug|x86
		{DAD9FA36-535C-41AA-A1A9-53B243152EBB}.Release|x86.ActiveCfg = Release|x86
		{DAD9FA36-535C-41AA-A1A9-53B243152EBB}.Release|x86.Build.0 = Release|x86
	EndGlobalSection
EndGlobal
